
Microsoft Visual Studio Solution File, Format Version 12.00
# Visual Studio Version 16
VisualStudioVersion = 16.0.31624.102
MinimumVisualStudioVersion = 10.0.40219.1
Project("{FAE04EC0-301F-11D3-BF4B-00C04F79EFBC}") = "SnakeAndLadder", "SnakeAndLadder\SnakeAndLadder.csproj", "{69E7F780-2343-4D24-8307-B48FF11D165A}"
EndProject
Global
	GlobalSection(SolutionConfigurationPlatforms) = preSolution
		Debug|Any CPU = Debug|Any CPU
		Release|Any CPU = Release|Any CPU
	EndGlobalSection
	GlobalSection(ProjectConfigurationPlatforms) = postSolution
		{69E7F780-2343-4D24-8307-B48FF11D165A}.Debug|Any CPU.ActiveCfg = Debug|Any CPU
		{69E7F780-2343-4D24-8307-B48FF11D165A}.Debug|Any CPU.Build.0 = Debug|Any CPU
		{69E7F780-2343-4D24-8307-B48FF11D165A}.Release|Any CPU.ActiveCfg = Release|Any CPU
		{69E7F780-2343-4D24-8307-B48FF11D165A}.Release|Any CPU.Build.0 = Release|Any CPU
	EndGlobalSection
	GlobalSection(SolutionProperties) = preSolution
		HideSolutionNode = FALSE
	EndGlobalSection
	GlobalSection(ExtensibilityGlobals) = postSolution
		SolutionGuid = {57BD79D0-075B-4896-90CF-907E0D1840A3}
	EndGlobalSection
EndGlobal
